
Microsoft Visual Studio Solution File, Format Version 12.00
# Visual Studio Version 16
VisualStudioVersion = 16.0.30104.148
MinimumVisualStudioVersion = 10.0.40219.1
Project("{9A19103F-16F7-4668-BE54-9A1E7A4F7556}") = "ProjetoV", "EF.WebApi\ProjetoV.csproj", "{7519EA4B-ABCA-4D21-B153-A71419D64259}"
EndProject
Global
	GlobalSection(SolutionConfigurationPlatforms) = preSolution
		Debug|Any CPU = Debug|Any CPU
		Release|Any CPU = Release|Any CPU
	EndGlobalSection
	GlobalSection(ProjectConfigurationPlatforms) = postSolution
		{7519EA4B-ABCA-4D21-B153-A71419D64259}.Debug|Any CPU.ActiveCfg = Debug|Any CPU
		{7519EA4B-ABCA-4D21-B153-A71419D64259}.Debug|Any CPU.Build.0 = Debug|Any CPU
		{7519EA4B-ABCA-4D21-B153-A71419D64259}.Release|Any CPU.ActiveCfg = Release|Any CPU
		{7519EA4B-ABCA-4D21-B153-A71419D64259}.Release|Any CPU.Build.0 = Release|Any CPU
	EndGlobalSection
	GlobalSection(SolutionProperties) = preSolution
		HideSolutionNode = FALSE
	EndGlobalSection
	GlobalSection(ExtensibilityGlobals) = postSolution
		SolutionGuid = {C9E85C9A-5CB0-4773-A6B0-62084116E5D4}
	EndGlobalSection
EndGlobal
